Microsoft Visual Studio Solution File, Format Version 12.00
# Visual Studio Version 17
VisualStudioVersion = 17.5.2.0
MinimumVisualStudioVersion = 10.0.40219.1
Project("{2150E333-8FDC-42A3-9474-1A3956D46DE8}") = "CLASSROOM NOTES", "CLASSROOM NOTES", "{6CAC81F6-CF35-0479-108C-884B22CF2C0C}"
EndProject
Project("{2150E333-8FDC-42A3-9474-1A3956D46DE8}") = "2026 01 12", "2026 01 12", "{F3EA1550-6A06-C094-9836-637438E6DDDB}"
EndProject
Project("{2150E333-8FDC-42A3-9474-1A3956D46DE8}") = "test", "test", "{E457C074-B607-9D0A-D09A-FC742AEBC579}"
EndProject
Project("{FAE04EC0-301F-11D3-BF4B-00C04F79EFBC}") = "Untitled", "CLASSROOM NOTES\2026 01 12\test\Untitled.csproj", "{2AEACB0B-AB7B-BFAE-EA10-B7EB6478DCFC}"
EndProject
Project("{2150E333-8FDC-42A3-9474-1A3956D46DE8}") = "2026 01 13", "2026 01 13", "{B46012BF-BDC9-22CE-1D0F-9B8206F6B027}"
EndProject
Project("{FAE04EC0-301F-11D3-BF4B-00C04F79EFBC}") = "task1", "CLASSROOM NOTES\2026 01 13\task1\task1.csproj", "{8F5C29D3-8C21-EC56-6E05-39C4DC963C4F}"
EndProject
Project("{FAE04EC0-301F-11D3-BF4B-00C04F79EFBC}") = "task2", "CLASSROOM NOTES\2026 01 13\task2\task2.csproj", "{7EE209E3-572D-ADCD-E5C8-00FAFE5792BB}"
EndProject
Project("{2150E333-8FDC-42A3-9474-1A3956D46DE8}") = "TASKS", "TASKS", "{6A62E245-496D-63B6-7FF4-8C8C9E44613D}"
EndProject
Project("{FAE04EC0-301F-11D3-BF4B-00C04F79EFBC}") = "task1", "CLASSROOM NOTES\2026 01 12\TASKS\task1\task1.csproj", "{D89CCE67-5E51-885A-DA15-3BBDF1AAC977}"
EndProject
Project("{FAE04EC0-301F-11D3-BF4B-00C04F79EFBC}") = "task2", "CLASSROOM NOTES\2026 01 12\TASKS\task2\task2.csproj", "{45D724B8-FE95-68E8-6A17-40CF9DDB96C3}"
EndProject
Project("{2150E333-8FDC-42A3-9474-1A3956D46DE8}") = "2026 01 14", "2026 01 14", "{4C5DF422-6235-D4D8-E10C-134180609AF1}"
EndProject
Project("{2150E333-8FDC-42A3-9474-1A3956D46DE8}") = "Task1", "Task1", "{4B8D46DA-7890-DD95-9178-200563A54239}"
EndProject
Project("{FAE04EC0-301F-11D3-BF4B-00C04F79EFBC}") = "models", "CLASSROOM NOTES\2026 01 14\Task1\Models\models.csproj", "{92DFC387-4867-E81C-E706-93596324A311}"
EndProject
Project("{FAE04EC0-301F-11D3-BF4B-00C04F79EFBC}") = "program", "CLASSROOM NOTES\2026 01 14\Task1\Program\program.csproj", "{A6BE6649-6B9D-B717-FC83-FCF7455772F1}"
EndProject
Project("{2150E333-8FDC-42A3-9474-1A3956D46DE8}") = "Task2", "Task2", "{C70D31AB-61A9-EB2E-F165-079C0CA8B742}"
EndProject
Project("{FAE04EC0-301F-11D3-BF4B-00C04F79EFBC}") = "Models", "CLASSROOM NOTES\2026 01 14\Task2\Models\Models.csproj", "{A6026564-DB1F-6B24-4EEE-95D7D89D16D3}"
EndProject
Project("{FAE04EC0-301F-11D3-BF4B-00C04F79EFBC}") = "Program", "CLASSROOM NOTES\2026 01 14\Task2\Program\Program.csproj", "{8D13CCA9-E4D7-8A3D-52BB-7D31D8918F78}"
EndProject
Project("{2150E333-8FDC-42A3-9474-1A3956D46DE8}") = "2026 01 15", "2026 01 15", "{B8C21C5D-0ED1-6567-A737-411D839E0A7E}"
EndProject
Project("{2150E333-8FDC-42A3-9474-1A3956D46DE8}") = "Task1", "Task1", "{87C1F8F1-144B-4EFA-8561-30A8BB1C6D82}"
EndProject
Project("{FAE04EC0-301F-11D3-BF4B-00C04F79EFBC}") = "models", "CLASSROOM NOTES\2026 01 15\Task1\Models\models.csproj", "{A457219B-A8F7-80C2-D252-849BFD419F16}"
EndProject
Project("{FAE04EC0-301F-11D3-BF4B-00C04F79EFBC}") = "program", "CLASSROOM NOTES\2026 01 15\Task1\Program\program.csproj", "{26230256-4BE8-3DCB-3941-23771B9CF6B7}"
EndProject
Project("{2150E333-8FDC-42A3-9474-1A3956D46DE8}") = "2026 01 16", "2026 01 16", "{52FA399F-D9B1-C347-9088-5A25B112FA0C}"
EndProject
Project("{2150E333-8FDC-42A3-9474-1A3956D46DE8}") = "Task1", "Task1", "{888FF097-4D17-BC77-64B3-992858222E28}"
EndProject
Project("{FAE04EC0-301F-11D3-BF4B-00C04F79EFBC}") = "Executable", "CLASSROOM NOTES\2026 01 16\Task1\Executable\Executable.csproj", "{E6EE3B25-A897-968E-F65A-AD0F88AD1A8A}"
EndProject
Project("{FAE04EC0-301F-11D3-BF4B-00C04F79EFBC}") = "models", "CLASSROOM NOTES\2026 01 16\Task1\Models\models.csproj", "{8E8BD45A-76FD-0D2A-8AB8-B68D976E4DFF}"
EndProject
Project("{2150E333-8FDC-42A3-9474-1A3956D46DE8}") = "Task2", "Task2", "{D9E0390D-D61F-EE9C-0537-A159C668BAFB}"
EndProject
Project("{FAE04EC0-301F-11D3-BF4B-00C04F79EFBC}") = "Executable", "CLASSROOM NOTES\2026 01 16\Task2\Executable\Executable.csproj", "{86DA0246-8D45-B7BC-BD0B-13703012BDB1}"
EndProject
Project("{FAE04EC0-301F-11D3-BF4B-00C04F79EFBC}") = "Models", "CLASSROOM NOTES\2026 01 16\Task2\Models\Models.csproj", "{9DE22705-68EC-9857-630D-57C406506338}"
EndProject
Project("{2150E333-8FDC-42A3-9474-1A3956D46DE8}") = "Task3", "Task3", "{E9C0FC92-D0B7-51A3-F810-B38EAA8A00DD}"
EndProject
Project("{FAE04EC0-301F-11D3-BF4B-00C04F79EFBC}") = "Executable", "CLASSROOM NOTES\2026 01 16\Task3\Executable\Executable.csproj", "{2674692B-1423-E0A9-9FDD-5BB60F9B6715}"
EndProject
Project("{FAE04EC0-301F-11D3-BF4B-00C04F79EFBC}") = "Models", "CLASSROOM NOTES\2026 01 16\Task3\Models\Models.csproj", "{BCFF363D-FFBB-F942-E6AB-00B976F94E94}"
EndProject
Global
	GlobalSection(SolutionConfigurationPlatforms) = preSolution
		Debug|Any CPU = Debug|Any CPU
		Release|Any CPU = Release|Any CPU
	EndGlobalSection
	GlobalSection(ProjectConfigurationPlatforms) = postSolution
		{2AEACB0B-AB7B-BFAE-EA10-B7EB6478DCFC}.Debug|Any CPU.ActiveCfg = Debug|Any CPU
		{2AEACB0B-AB7B-BFAE-EA10-B7EB6478DCFC}.Debug|Any CPU.Build.0 = Debug|Any CPU
		{2AEACB0B-AB7B-BFAE-EA10-B7EB6478DCFC}.Release|Any CPU.ActiveCfg = Release|Any CPU
		{2AEACB0B-AB7B-BFAE-EA10-B7EB6478DCFC}.Release|Any CPU.Build.0 = Release|Any CPU
		{8F5C29D3-8C21-EC56-6E05-39C4DC963C4F}.Debug|Any CPU.ActiveCfg = Debug|Any CPU
		{8F5C29D3-8C21-EC56-6E05-39C4DC963C4F}.Debug|Any CPU.Build.0 = Debug|Any CPU
		{8F5C29D3-8C21-EC56-6E05-39C4DC963C4F}.Release|Any CPU.ActiveCfg = Release|Any CPU
		{8F5C29D3-8C21-EC56-6E05-39C4DC963C4F}.Release|Any CPU.Build.0 = Release|Any CPU
		{7EE209E3-572D-ADCD-E5C8-00FAFE5792BB}.Debug|Any CPU.ActiveCfg = Debug|Any CPU
		{7EE209E3-572D-ADCD-E5C8-00FAFE5792BB}.Debug|Any CPU.Build.0 = Debug|Any CPU
		{7EE209E3-572D-ADCD-E5C8-00FAFE5792BB}.Release|Any CPU.ActiveCfg = Release|Any CPU
		{7EE209E3-572D-ADCD-E5C8-00FAFE5792BB}.Release|Any CPU.Build.0 = Release|Any CPU
		{D89CCE67-5E51-885A-DA15-3BBDF1AAC977}.Debug|Any CPU.ActiveCfg = Debug|Any CPU
		{D89CCE67-5E51-885A-DA15-3BBDF1AAC977}.Debug|Any CPU.Build.0 = Debug|Any CPU
		{D89CCE67-5E51-885A-DA15-3BBDF1AAC977}.Release|Any CPU.ActiveCfg = Release|Any CPU
		{D89CCE67-5E51-885A-DA15-3BBDF1AAC977}.Release|Any CPU.Build.0 = Release|Any CPU
		{45D724B8-FE95-68E8-6A17-40CF9DDB96C3}.Debug|Any CPU.ActiveCfg = Debug|Any CPU
		{45D724B8-FE95-68E8-6A17-40CF9DDB96C3}.Debug|Any CPU.Build.0 = Debug|Any CPU
		{45D724B8-FE95-68E8-6A17-40CF9DDB96C3}.Release|Any CPU.ActiveCfg = Release|Any CPU
		{45D724B8-FE95-68E8-6A17-40CF9DDB96C3}.Release|Any CPU.Build.0 = Release|Any CPU
		{92DFC387-4867-E81C-E706-93596324A311}.Debug|Any CPU.ActiveCfg = Debug|Any CPU
		{92DFC387-4867-E81C-E706-93596324A311}.Debug|Any CPU.Build.0 = Debug|Any CPU
		{92DFC387-4867-E81C-E706-93596324A311}.Release|Any CPU.ActiveCfg = Release|Any CPU
		{92DFC387-4867-E81C-E706-93596324A311}.Release|Any CPU.Build.0 = Release|Any CPU
		{A6BE6649-6B9D-B717-FC83-FCF7455772F1}.Debug|Any CPU.ActiveCfg = Debug|Any CPU
		{A6BE6649-6B9D-B717-FC83-FCF7455772F1}.Debug|Any CPU.Build.0 = Debug|Any CPU
		{A6BE6649-6B9D-B717-FC83-FCF7455772F1}.Release|Any CPU.ActiveCfg = Release|Any CPU
		{A6BE6649-6B9D-B717-FC83-FCF7455772F1}.Release|Any CPU.Build.0 = Release|Any CPU
		{A6026564-DB1F-6B24-4EEE-95D7D89D16D3}.Debug|Any CPU.ActiveCfg = Debug|Any CPU
		{A6026564-DB1F-6B24-4EEE-95D7D89D16D3}.Debug|Any CPU.Build.0 = Debug|Any CPU
		{A6026564-DB1F-6B24-4EEE-95D7D89D16D3}.Release|Any CPU.ActiveCfg = Release|Any CPU
		{A6026564-DB1F-6B24-4EEE-95D7D89D16D3}.Release|Any CPU.Build.0 = Release|Any CPU
		{8D13CCA9-E4D7-8A3D-52BB-7D31D8918F78}.Debug|Any CPU.ActiveCfg = Debug|Any CPU
		{8D13CCA9-E4D7-8A3D-52BB-7D31D8918F78}.Debug|Any CPU.Build.0 = Debug|Any CPU
		{8D13CCA9-E4D7-8A3D-52BB-7D31D8918F78}.Release|Any CPU.ActiveCfg = Release|Any CPU
		{8D13CCA9-E4D7-8A3D-52BB-7D31D8918F78}.Release|Any CPU.Build.0 = Release|Any CPU
		{A457219B-A8F7-80C2-D252-849BFD419F16}.Debug|Any CPU.ActiveCfg = Debug|Any CPU
		{A457219B-A8F7-80C2-D252-849BFD419F16}.Debug|Any CPU.Build.0 = Debug|Any CPU
		{A457219B-A8F7-80C2-D252-849BFD419F16}.Release|Any CPU.ActiveCfg = Release|Any CPU
		{A457219B-A8F7-80C2-D252-849BFD419F16}.Release|Any CPU.Build.0 = Release|Any CPU
		{26230256-4BE8-3DCB-3941-23771B9CF6B7}.Debug|Any CPU.ActiveCfg = Debug|Any CPU
		{26230256-4BE8-3DCB-3941-23771B9CF6B7}.Debug|Any CPU.Build.0 = Debug|Any CPU
		{26230256-4BE8-3DCB-3941-23771B9CF6B7}.Release|Any CPU.ActiveCfg = Release|Any CPU
		{26230256-4BE8-3DCB-3941-23771B9CF6B7}.Release|Any CPU.Build.0 = Release|Any CPU
		{E6EE3B25-A897-968E-F65A-AD0F88AD1A8A}.Debug|Any CPU.ActiveCfg = Debug|Any CPU
		{E6EE3B25-A897-968E-F65A-AD0F88AD1A8A}.Debug|Any CPU.Build.0 = Debug|Any CPU
		{E6EE3B25-A897-968E-F65A-AD0F88AD1A8A}.Release|Any CPU.ActiveCfg = Release|Any CPU
		{E6EE3B25-A897-968E-F65A-AD0F88AD1A8A}.Release|Any CPU.Build.0 = Release|Any CPU
		{8E8BD45A-76FD-0D2A-8AB8-B68D976E4DFF}.Debug|Any CPU.ActiveCfg = Debug|Any CPU
		{8E8BD45A-76FD-0D2A-8AB8-B68D976E4DFF}.Debug|Any CPU.Build.0 = Debug|Any CPU
		{8E8BD45A-76FD-0D2A-8AB8-B68D976E4DFF}.Release|Any CPU.ActiveCfg = Release|Any CPU
		{8E8BD45A-76FD-0D2A-8AB8-B68D976E4DFF}.Release|Any CPU.Build.0 = Release|Any CPU
		{86DA0246-8D45-B7BC-BD0B-13703012BDB1}.Debug|Any CPU.ActiveCfg = Debug|Any CPU
		{86DA0246-8D45-B7BC-BD0B-13703012BDB1}.Debug|Any CPU.Build.0 = Debug|Any CPU
		{86DA0246-8D45-B7BC-BD0B-13703012BDB1}.Release|Any CPU.ActiveCfg = Release|Any CPU
		{86DA0246-8D45-B7BC-BD0B-13703012BDB1}.Release|Any CPU.Build.0 = Release|Any CPU
		{9DE22705-68EC-9857-630D-57C406506338}.Debug|Any CPU.ActiveCfg = Debug|Any CPU
		{9DE22705-68EC-9857-630D-57C406506338}.Debug|Any CPU.Build.0 = Debug|Any CPU
		{9DE22705-68EC-9857-630D-57C406506338}.Release|Any CPU.ActiveCfg = Release|Any CPU
		{9DE22705-68EC-9857-630D-57C406506338}.Release|Any CPU.Build.0 = Release|Any CPU
		{2674692B-1423-E0A9-9FDD-5BB60F9B6715}.Debug|Any CPU.ActiveCfg = Debug|Any CPU
		{2674692B-1423-E0A9-9FDD-5BB60F9B6715}.Debug|Any CPU.Build.0 = Debug|Any CPU
		{2674692B-1423-E0A9-9FDD-5BB60F9B6715}.Release|Any CPU.ActiveCfg = Release|Any CPU
		{2674692B-1423-E0A9-9FDD-5BB60F9B6715}.Release|Any CPU.Build.0 = Release|Any CPU
		{BCFF363D-FFBB-F942-E6AB-00B976F94E94}.Debug|Any CPU.ActiveCfg = Debug|Any CPU
		{BCFF363D-FFBB-F942-E6AB-00B976F94E94}.Debug|Any CPU.Build.0 = Debug|Any CPU
		{BCFF363D-FFBB-F942-E6AB-00B976F94E94}.Release|Any CPU.ActiveCfg = Release|Any CPU
		{BCFF363D-FFBB-F942-E6AB-00B976F94E94}.Release|Any CPU.Build.0 = Release|Any CPU
	EndGlobalSection
	GlobalSection(SolutionProperties) = preSolution
		HideSolutionNode = FALSE
	EndGlobalSection
	GlobalSection(NestedProjects) = preSolution
		{F3EA1550-6A06-C094-9836-637438E6DDDB} = {6CAC81F6-CF35-0479-108C-884B22CF2C0C}
		{E457C074-B607-9D0A-D09A-FC742AEBC579} = {F3EA1550-6A06-C094-9836-637438E6DDDB}
		{2AEACB0B-AB7B-BFAE-EA10-B7EB6478DCFC} = {E457C074-B607-9D0A-D09A-FC742AEBC579}
		{B46012BF-BDC9-22CE-1D0F-9B8206F6B027} = {6CAC81F6-CF35-0479-108C-884B22CF2C0C}
		{8F5C29D3-8C21-EC56-6E05-39C4DC963C4F} = {B46012BF-BDC9-22CE-1D0F-9B8206F6B027}
		{7EE209E3-572D-ADCD-E5C8-00FAFE5792BB} = {B46012BF-BDC9-22CE-1D0F-9B8206F6B027}
		{6A62E245-496D-63B6-7FF4-8C8C9E44613D} = {F3EA1550-6A06-C094-9836-637438E6DDDB}
		{D89CCE67-5E51-885A-DA15-3BBDF1AAC977} = {6A62E245-496D-63B6-7FF4-8C8C9E44613D}
		{45D724B8-FE95-68E8-6A17-40CF9DDB96C3} = {6A62E245-496D-63B6-7FF4-8C8C9E44613D}
		{4C5DF422-6235-D4D8-E10C-134180609AF1} = {6CAC81F6-CF35-0479-108C-884B22CF2C0C}
		{4B8D46DA-7890-DD95-9178-200563A54239} = {4C5DF422-6235-D4D8-E10C-134180609AF1}
		{92DFC387-4867-E81C-E706-93596324A311} = {4B8D46DA-7890-DD95-9178-200563A54239}
		{A6BE6649-6B9D-B717-FC83-FCF7455772F1} = {4B8D46DA-7890-DD95-9178-200563A54239}
		{C70D31AB-61A9-EB2E-F165-079C0CA8B742} = {4C5DF422-6235-D4D8-E10C-134180609AF1}
		{A6026564-DB1F-6B24-4EEE-95D7D89D16D3} = {C70D31AB-61A9-EB2E-F165-079C0CA8B742}
		{8D13CCA9-E4D7-8A3D-52BB-7D31D8918F78} = {C70D31AB-61A9-EB2E-F165-079C0CA8B742}
		{B8C21C5D-0ED1-6567-A737-411D839E0A7E} = {6CAC81F6-CF35-0479-108C-884B22CF2C0C}
		{87C1F8F1-144B-4EFA-8561-30A8BB1C6D82} = {B8C21C5D-0ED1-6567-A737-411D839E0A7E}
		{A457219B-A8F7-80C2-D252-849BFD419F16} = {87C1F8F1-144B-4EFA-8561-30A8BB1C6D82}
		{26230256-4BE8-3DCB-3941-23771B9CF6B7} = {87C1F8F1-144B-4EFA-8561-30A8BB1C6D82}
		{52FA399F-D9B1-C347-9088-5A25B112FA0C} = {6CAC81F6-CF35-0479-108C-884B22CF2C0C}
		{888FF097-4D17-BC77-64B3-992858222E28} = {52FA399F-D9B1-C347-9088-5A25B112FA0C}
		{E6EE3B25-A897-968E-F65A-AD0F88AD1A8A} = {888FF097-4D17-BC77-64B3-992858222E28}
		{8E8BD45A-76FD-0D2A-8AB8-B68D976E4DFF} = {888FF097-4D17-BC77-64B3-992858222E28}
		{D9E0390D-D61F-EE9C-0537-A159C668BAFB} = {52FA399F-D9B1-C347-9088-5A25B112FA0C}
		{86DA0246-8D45-B7BC-BD0B-13703012BDB1} = {D9E0390D-D61F-EE9C-0537-A159C668BAFB}
		{9DE22705-68EC-9857-630D-57C406506338} = {D9E0390D-D61F-EE9C-0537-A159C668BAFB}
		{E9C0FC92-D0B7-51A3-F810-B38EAA8A00DD} = {52FA399F-D9B1-C347-9088-5A25B112FA0C}
		{2674692B-1423-E0A9-9FDD-5BB60F9B6715} = {E9C0FC92-D0B7-51A3-F810-B38EAA8A00DD}
		{BCFF363D-FFBB-F942-E6AB-00B976F94E94} = {E9C0FC92-D0B7-51A3-F810-B38EAA8A00DD}
	EndGlobalSection
	GlobalSection(ExtensibilityGlobals) = postSolution
		SolutionGuid = {09BD7E39-AD61-4E9C-B334-0E24A2926B2A}
	EndGlobalSection
EndGlobal
